
Microsoft Visual Studio Solution File, Format Version 12.00
# Visual Studio Version 17
VisualStudioVersion = 17.2.32630.192
MinimumVisualStudioVersion = 10.0.40219.1
Project("{FAE04EC0-301F-11D3-BF4B-00C04F79EFBC}") = "QueryPonyLib", "QueryPonyLib\QueryPonyLib.csproj", "{6895D15C-4AC8-4D77-A77B-B599F73DAB38}"
EndProject
Project("{FAE04EC0-301F-11D3-BF4B-00C04F79EFBC}") = "QueryPonyGui", "QueryPonyGui\QueryPonyGui.csproj", "{E202E278-E89F-4EB9-B4AA-77D71B76A102}"
EndProject
Project("{FAE04EC0-301F-11D3-BF4B-00C04F79EFBC}") = "QueryPonyCmd", "QueryPonyCmd\QueryPonyCmd.csproj", "{F3F497D0-B72E-47AD-862B-1990E6CA11E4}"
EndProject
Global
	GlobalSection(SolutionConfigurationPlatforms) = preSolution
		Cfg64Test|Any CPU = Cfg64Test|Any CPU
		Cfg64Test|Mixed Platforms = Cfg64Test|Mixed Platforms
		Cfg64Test|x64 = Cfg64Test|x64
		Cfg64Test|x86 = Cfg64Test|x86
		Debug|Any CPU = Debug|Any CPU
		Debug|Mixed Platforms = Debug|Mixed Platforms
		Debug|x64 = Debug|x64
		Debug|x86 = Debug|x86
		Release|Any CPU = Release|Any CPU
		Release|Mixed Platforms = Release|Mixed Platforms
		Release|x64 = Release|x64
		Release|x86 = Release|x86
	EndGlobalSection
	GlobalSection(ProjectConfigurationPlatforms) = postSolution
		{6895D15C-4AC8-4D77-A77B-B599F73DAB38}.Cfg64Test|Any CPU.ActiveCfg = Cfg64Test|x64
		{6895D15C-4AC8-4D77-A77B-B599F73DAB38}.Cfg64Test|Any CPU.Build.0 = Cfg64Test|x64
		{6895D15C-4AC8-4D77-A77B-B599F73DAB38}.Cfg64Test|Mixed Platforms.ActiveCfg = Cfg64Test|x64
		{6895D15C-4AC8-4D77-A77B-B599F73DAB38}.Cfg64Test|Mixed Platforms.Build.0 = Cfg64Test|x64
		{6895D15C-4AC8-4D77-A77B-B599F73DAB38}.Cfg64Test|x64.ActiveCfg = Cfg64Test|x64
		{6895D15C-4AC8-4D77-A77B-B599F73DAB38}.Cfg64Test|x64.Build.0 = Cfg64Test|x64
		{6895D15C-4AC8-4D77-A77B-B599F73DAB38}.Cfg64Test|x86.ActiveCfg = Cfg64Test|Any CPU
		{6895D15C-4AC8-4D77-A77B-B599F73DAB38}.Cfg64Test|x86.Build.0 = Cfg64Test|Any CPU
		{6895D15C-4AC8-4D77-A77B-B599F73DAB38}.Debug|Any CPU.ActiveCfg = Debug|Any CPU
		{6895D15C-4AC8-4D77-A77B-B599F73DAB38}.Debug|Any CPU.Build.0 = Debug|Any CPU
		{6895D15C-4AC8-4D77-A77B-B599F73DAB38}.Debug|Mixed Platforms.ActiveCfg = Debug|Any CPU
		{6895D15C-4AC8-4D77-A77B-B599F73DAB38}.Debug|Mixed Platforms.Build.0 = Debug|Any CPU
		{6895D15C-4AC8-4D77-A77B-B599F73DAB38}.Debug|x64.ActiveCfg = Debug|x64
		{6895D15C-4AC8-4D77-A77B-B599F73DAB38}.Debug|x64.Build.0 = Debug|x64
		{6895D15C-4AC8-4D77-A77B-B599F73DAB38}.Debug|x86.ActiveCfg = Debug|Any CPU
		{6895D15C-4AC8-4D77-A77B-B599F73DAB38}.Debug|x86.Build.0 = Debug|Any CPU
		{6895D15C-4AC8-4D77-A77B-B599F73DAB38}.Release|Any CPU.ActiveCfg = Release|Any CPU
		{6895D15C-4AC8-4D77-A77B-B599F73DAB38}.Release|Any CPU.Build.0 = Release|Any CPU
		{6895D15C-4AC8-4D77-A77B-B599F73DAB38}.Release|Mixed Platforms.ActiveCfg = Release|Any CPU
		{6895D15C-4AC8-4D77-A77B-B599F73DAB38}.Release|Mixed Platforms.Build.0 = Release|Any CPU
		{6895D15C-4AC8-4D77-A77B-B599F73DAB38}.Release|x64.ActiveCfg = Release|x64
		{6895D15C-4AC8-4D77-A77B-B599F73DAB38}.Release|x64.Build.0 = Release|x64
		{6895D15C-4AC8-4D77-A77B-B599F73DAB38}.Release|x86.ActiveCfg = Release|Any CPU
		{E202E278-E89F-4EB9-B4AA-77D71B76A102}.Cfg64Test|Any CPU.ActiveCfg = Cfg64Test|x64
		{E202E278-E89F-4EB9-B4AA-77D71B76A102}.Cfg64Test|Any CPU.Build.0 = Cfg64Test|x64
		{E202E278-E89F-4EB9-B4AA-77D71B76A102}.Cfg64Test|Mixed Platforms.ActiveCfg = Cfg64Test|x64
		{E202E278-E89F-4EB9-B4AA-77D71B76A102}.Cfg64Test|Mixed Platforms.Build.0 = Cfg64Test|x64
		{E202E278-E89F-4EB9-B4AA-77D71B76A102}.Cfg64Test|x64.ActiveCfg = Cfg64Test|x64
		{E202E278-E89F-4EB9-B4AA-77D71B76A102}.Cfg64Test|x64.Build.0 = Cfg64Test|x64
		{E202E278-E89F-4EB9-B4AA-77D71B76A102}.Cfg64Test|x86.ActiveCfg = Cfg64Test|x86
		{E202E278-E89F-4EB9-B4AA-77D71B76A102}.Cfg64Test|x86.Build.0 = Cfg64Test|x86
		{E202E278-E89F-4EB9-B4AA-77D71B76A102}.Debug|Any CPU.ActiveCfg = Debug|Any CPU
		{E202E278-E89F-4EB9-B4AA-77D71B76A102}.Debug|Any CPU.Build.0 = Debug|Any CPU
		{E202E278-E89F-4EB9-B4AA-77D71B76A102}.Debug|Mixed Platforms.ActiveCfg = Debug|x86
		{E202E278-E89F-4EB9-B4AA-77D71B76A102}.Debug|Mixed Platforms.Build.0 = Debug|x86
		{E202E278-E89F-4EB9-B4AA-77D71B76A102}.Debug|x64.ActiveCfg = Debug|x64
		{E202E278-E89F-4EB9-B4AA-77D71B76A102}.Debug|x64.Build.0 = Debug|x64
		{E202E278-E89F-4EB9-B4AA-77D71B76A102}.Debug|x86.ActiveCfg = Debug|x86
		{E202E278-E89F-4EB9-B4AA-77D71B76A102}.Debug|x86.Build.0 = Debug|x86
		{E202E278-E89F-4EB9-B4AA-77D71B76A102}.Release|Any CPU.ActiveCfg = Release|Any CPU
		{E202E278-E89F-4EB9-B4AA-77D71B76A102}.Release|Any CPU.Build.0 = Release|Any CPU
		{E202E278-E89F-4EB9-B4AA-77D71B76A102}.Release|Mixed Platforms.ActiveCfg = Release|x86
		{E202E278-E89F-4EB9-B4AA-77D71B76A102}.Release|Mixed Platforms.Build.0 = Release|x86
		{E202E278-E89F-4EB9-B4AA-77D71B76A102}.Release|x64.ActiveCfg = Release|x64
		{E202E278-E89F-4EB9-B4AA-77D71B76A102}.Release|x64.Build.0 = Release|x64
		{E202E278-E89F-4EB9-B4AA-77D71B76A102}.Release|x86.ActiveCfg = Release|x86
		{E202E278-E89F-4EB9-B4AA-77D71B76A102}.Release|x86.Build.0 = Release|x86
		{F3F497D0-B72E-47AD-862B-1990E6CA11E4}.Cfg64Test|Any CPU.ActiveCfg = Cfg64Test|x64
		{F3F497D0-B72E-47AD-862B-1990E6CA11E4}.Cfg64Test|Any CPU.Build.0 = Cfg64Test|x64
		{F3F497D0-B72E-47AD-862B-1990E6CA11E4}.Cfg64Test|Mixed Platforms.ActiveCfg = Cfg64Test|x64
		{F3F497D0-B72E-47AD-862B-1990E6CA11E4}.Cfg64Test|Mixed Platforms.Build.0 = Cfg64Test|x64
		{F3F497D0-B72E-47AD-862B-1990E6CA11E4}.Cfg64Test|x64.ActiveCfg = Cfg64Test|x64
		{F3F497D0-B72E-47AD-862B-1990E6CA11E4}.Cfg64Test|x64.Build.0 = Cfg64Test|x64
		{F3F497D0-B72E-47AD-862B-1990E6CA11E4}.Cfg64Test|x86.ActiveCfg = Cfg64Test|Any CPU
		{F3F497D0-B72E-47AD-862B-1990E6CA11E4}.Cfg64Test|x86.Build.0 = Cfg64Test|Any CPU
		{F3F497D0-B72E-47AD-862B-1990E6CA11E4}.Debug|Any CPU.ActiveCfg = Debug|Any CPU
		{F3F497D0-B72E-47AD-862B-1990E6CA11E4}.Debug|Any CPU.Build.0 = Debug|Any CPU
		{F3F497D0-B72E-47AD-862B-1990E6CA11E4}.Debug|Mixed Platforms.ActiveCfg = Debug|Any CPU
		{F3F497D0-B72E-47AD-862B-1990E6CA11E4}.Debug|Mixed Platforms.Build.0 = Debug|Any CPU
		{F3F497D0-B72E-47AD-862B-1990E6CA11E4}.Debug|x64.ActiveCfg = Debug|x64
		{F3F497D0-B72E-47AD-862B-1990E6CA11E4}.Debug|x64.Build.0 = Debug|x64
		{F3F497D0-B72E-47AD-862B-1990E6CA11E4}.Debug|x86.ActiveCfg = Debug|Any CPU
		{F3F497D0-B72E-47AD-862B-1990E6CA11E4}.Debug|x86.Build.0 = Debug|Any CPU
		{F3F497D0-B72E-47AD-862B-1990E6CA11E4}.Release|Any CPU.ActiveCfg = Release|Any CPU
		{F3F497D0-B72E-47AD-862B-1990E6CA11E4}.Release|Any CPU.Build.0 = Release|Any CPU
		{F3F497D0-B72E-47AD-862B-1990E6CA11E4}.Release|Mixed Platforms.ActiveCfg = Release|Any CPU
		{F3F497D0-B72E-47AD-862B-1990E6CA11E4}.Release|Mixed Platforms.Build.0 = Release|Any CPU
		{F3F497D0-B72E-47AD-862B-1990E6CA11E4}.Release|x64.ActiveCfg = Release|x64
		{F3F497D0-B72E-47AD-862B-1990E6CA11E4}.Release|x64.Build.0 = Release|x64
		{F3F497D0-B72E-47AD-862B-1990E6CA11E4}.Release|x86.ActiveCfg = Release|Any CPU
		{F3F497D0-B72E-47AD-862B-1990E6CA11E4}.Release|x86.Build.0 = Release|Any CPU
	EndGlobalSection
	GlobalSection(SolutionProperties) = preSolution
		HideSolutionNode = FALSE
	EndGlobalSection
	GlobalSection(ExtensibilityGlobals) = postSolution
		SolutionGuid = {FC105857-6338-495C-9916-08D9DDE2AC4D}
	EndGlobalSection
EndGlobal
